// !$*UTF8*$!
{
	archiveVersion = 1;
	classes = {
	};
	objectVersion = 46;
	objects = {

/* Begin PBXAggregateTarget section */
		321C701289B24933BA4A299A /* ALL_BUILD */ = {
			isa = PBXAggregateTarget;
			buildConfigurationList = 84CB86B7A6564D8F953BCB0B /* Build configuration list for PBXAggregateTarget "ALL_BUILD" */;
			buildPhases = (
				F4D8CC09673449728FDEF9E5 /* CMake Rules */,
			);
			dependencies = (
				60F720BC80A54DC884E18C88 /* PBXTargetDependency */,
				137D083A08EC433FB767105F /* PBXTargetDependency */,
			);
			name = ALL_BUILD;
			productName = ALL_BUILD;
		};
		6E520274264141B5B7A287D7 /* ZERO_CHECK */ = {
			isa = PBXAggregateTarget;
			buildConfigurationList = 17A8FA0592FF40DA8060D30D /* Build configuration list for PBXAggregateTarget "ZERO_CHECK" */;
			buildPhases = (
				442D7F8615F04A0EBAEDB90E /* CMake Rules */,
			);
			dependencies = (
			);
			name = ZERO_CHECK;
			productName = ZERO_CHECK;
		};
		B090AAAB0C474806ABC974DC /* RUN_TESTS */ = {
			isa = PBXAggregateTarget;
			buildConfigurationList = 87EB9E3CFB674ABDBE4A66A7 /* Build configuration list for PBXAggregateTarget "RUN_TESTS" */;
			buildPhases = (
				4975CBECE19546F8B9FA4A54 /* CMake PostBuild Rules */,
			);
			dependencies = (
			);
			name = RUN_TESTS;
			productName = RUN_TESTS;
		};
/* End PBXAggregateTarget section */

/* Begin PBXBuildFile section */
		1E61704965A8480D82A79E64 /* AppServiceLocator.cpp in Sources */ = {isa = PBXBuildFile; fileRef = ABBF694C51C4498DA6478FDF /* AppServiceLocator.cpp */; };
		6B7AAEBF27D34C9FB80BF19F /* document_persister.cpp in Sources */ = {isa = PBXBuildFile; fileRef = 2ABC4345ACAD46A9B224E068 /* document_persister.cpp */; };
		ADACBCDAD7D84F6C8400E765 /* test_document_persister.cpp in Sources */ = {isa = PBXBuildFile; fileRef = 9559790B3C60403689A5B854 /* test_document_persister.cpp */; };
		D87CF3894AEE40AB9E220818 /* PasswordController.cpp in Sources */ = {isa = PBXBuildFile; fileRef = 6E46D1D493D04F878DACE7B2 /* PasswordController.cpp */; };
/* End PBXBuildFile section */

/* Begin PBXContainerItemProxy section */
		69FDA99F1D4D45EBBDF55125 /* PBXContainerItemProxy */ = {
			isa = PBXContainerItemProxy;
			containerPortal = A4B5830F4D48410392DE1D5F /* Project object */;
			proxyType = 1;
			remoteGlobalIDString = 6E520274264141B5B7A287D7;
			remoteInfo = ZERO_CHECK;
		};
		A9A3338DF3504335818D5AF7 /* PBXContainerItemProxy */ = {
			isa = PBXContainerItemProxy;
			containerPortal = A4B5830F4D48410392DE1D5F /* Project object */;
			proxyType = 1;
			remoteGlobalIDString = 6E520274264141B5B7A287D7;
			remoteInfo = ZERO_CHECK;
		};
		BD51EB11D97C4C4FB015A920 /* PBXContainerItemProxy */ = {
			isa = PBXContainerItemProxy;
			containerPortal = A4B5830F4D48410392DE1D5F /* Project object */;
			proxyType = 1;
			remoteGlobalIDString = D8414121E55C47148161E971;
			remoteInfo = test_document_persister;
		};
/* End PBXContainerItemProxy section */

/* Begin PBXFileReference section */
		2ABC4345ACAD46A9B224E068 /* document_persister.cpp */ = {isa = PBXFileReference; explicitFileType = sourcecode.cpp.cpp; fileEncoding = 4; name = document_persister.cpp; path = src/Persistence/document_persister.cpp; sourceTree = SOURCE_ROOT; };
		2B4CDA8B7E0D452D83477073 /* CMakeLists.txt */ = {isa = PBXFileReference; explicitFileType = sourcecode.text; fileEncoding = 4; lastKnownFileType = text; path = CMakeLists.txt; sourceTree = SOURCE_ROOT; };
		6C69C533F88B425084EDD995 /* test_document_persister */ = {isa = PBXFileReference; explicitFileType = "compiled.mach-o.executable"; path = test_document_persister; sourceTree = BUILT_PRODUCTS_DIR; };
		6E46D1D493D04F878DACE7B2 /* PasswordController.cpp */ = {isa = PBXFileReference; explicitFileType = sourcecode.cpp.cpp; fileEncoding = 4; name = PasswordController.cpp; path = src/Passwords/PasswordController.cpp; sourceTree = SOURCE_ROOT; };
		8F5ADBB2808E4C03B711BA70 /* CMakeLists.txt */ = {isa = PBXFileReference; explicitFileType = sourcecode.text; fileEncoding = 4; lastKnownFileType = text; path = CMakeLists.txt; sourceTree = SOURCE_ROOT; };
		9559790B3C60403689A5B854 /* test_document_persister.cpp */ = {isa = PBXFileReference; explicitFileType = sourcecode.cpp.cpp; fileEncoding = 4; name = test_document_persister.cpp; path = test/test_document_persister.cpp; sourceTree = SOURCE_ROOT; };
		ABBF694C51C4498DA6478FDF /* AppServiceLocator.cpp */ = {isa = PBXFileReference; explicitFileType = sourcecode.cpp.cpp; fileEncoding = 4; name = AppServiceLocator.cpp; path = src/App/AppServiceLocator.cpp; sourceTree = SOURCE_ROOT; };
/* End PBXFileReference section */

/* Begin PBXGroup section */
		4E3C32D70CC246538F10CE9A /* ALL_BUILD */ = {
			isa = PBXGroup;
			children = (
				DD0ADEF2875C4675BE80D0EE /* CMake Rules */,
				8F5ADBB2808E4C03B711BA70 /* CMakeLists.txt */,
			);
			name = ALL_BUILD;
			sourceTree = "<group>";
		};
		974BA2D86FDC4F75BCDEDCAB /* test_document_persister */ = {
			isa = PBXGroup;
			children = (
				F72FD85C1BE1439AB2789ADA /* Source Files */,
				2B4CDA8B7E0D452D83477073 /* CMakeLists.txt */,
			);
			name = test_document_persister;
			sourceTree = "<group>";
		};
		991879736AD94F238B5AE091 /* Products */ = {
			isa = PBXGroup;
			children = (
				6C69C533F88B425084EDD995 /* test_document_persister */,
			);
			name = Products;
			sourceTree = "<group>";
		};
		D59F2D1D82964FF9920F0B08 = {
			isa = PBXGroup;
			children = (
				974BA2D86FDC4F75BCDEDCAB /* test_document_persister */,
				4E3C32D70CC246538F10CE9A /* ALL_BUILD */,
				991879736AD94F238B5AE091 /* Products */,
			);
			sourceTree = "<group>";
		};
		DD0ADEF2875C4675BE80D0EE /* CMake Rules */ = {
			isa = PBXGroup;
			children = (
			);
			name = "CMake Rules";
			sourceTree = "<group>";
		};
		F72FD85C1BE1439AB2789ADA /* Source Files */ = {
			isa = PBXGroup;
			children = (
				ABBF694C51C4498DA6478FDF /* AppServiceLocator.cpp */,
				6E46D1D493D04F878DACE7B2 /* PasswordController.cpp */,
				2ABC4345ACAD46A9B224E068 /* document_persister.cpp */,
				9559790B3C60403689A5B854 /* test_document_persister.cpp */,
			);
			name = "Source Files";
			sourceTree = "<group>";
		};
/* End PBXGroup section */

/* Begin PBXNativeTarget section */
		D8414121E55C47148161E971 /* test_document_persister */ = {
			isa = PBXNativeTarget;
			buildConfigurationList = BE1A8AFDC8574E339A17D03F /* Build configuration list for PBXNativeTarget "test_document_persister" */;
			buildPhases = (
				5C1625D3F1FF40DCA02F26F1 /* Sources */,
			);
			buildRules = (
			);
			dependencies = (
				A358130F2BA943228E36208A /* PBXTargetDependency */,
			);
			name = test_document_persister;
			productName = test_document_persister;
			productReference = 6C69C533F88B425084EDD995 /* test_document_persister */;
			productType = "com.apple.product-type.tool";
		};
/* End PBXNativeTarget section */

/* Begin PBXProject section */
		A4B5830F4D48410392DE1D5F /* Project object */ = {
			isa = PBXProject;
			attributes = {
				BuildIndependentTargetsInParallel = YES;
				LastUpgradeCheck = 0940;
			};
			buildConfigurationList = 4CC3956379F84B3A90568A87 /* Build configuration list for PBXProject "TEST" */;
			compatibilityVersion = "Xcode 3.2";
			developmentRegion = en;
			hasScannedForEncodings = 0;
			knownRegions = (
				en,
			);
			mainGroup = D59F2D1D82964FF9920F0B08;
			projectDirPath = ../;
			projectRoot = "";
			targets = (
				321C701289B24933BA4A299A /* ALL_BUILD */,
				B090AAAB0C474806ABC974DC /* RUN_TESTS */,
				6E520274264141B5B7A287D7 /* ZERO_CHECK */,
				D8414121E55C47148161E971 /* test_document_persister */,
			);
		};
/* End PBXProject section */

/* Begin PBXShellScriptBuildPhase section */
		442D7F8615F04A0EBAEDB90E /* CMake Rules */ = {
			isa = PBXShellScriptBuildPhase;
			buildActionMask = 2147483647;
			files = (
			);
			name = "CMake Rules";
			runOnlyForDeploymentPostprocessing = 0;
			shellPath = /bin/sh;
			shellScript = "make -C ${SRCROOT}/xcode -f ${SRCROOT}/xcode/CMakeScripts/ZERO_CHECK_cmakeRulesBuildPhase.make$CONFIGURATION all";
			showEnvVarsInLog = 0;
		};
		4975CBECE19546F8B9FA4A54 /* CMake PostBuild Rules */ = {
			isa = PBXShellScriptBuildPhase;
			buildActionMask = 2147483647;
			files = (
			);
			name = "CMake PostBuild Rules";
			runOnlyForDeploymentPostprocessing = 0;
			shellPath = /bin/sh;
			shellScript = "make -C ${SRCROOT}/xcode -f ${SRCROOT}/xcode/CMakeScripts/RUN_TESTS_postBuildPhase.make$CONFIGURATION all";
			showEnvVarsInLog = 0;
		};
		F4D8CC09673449728FDEF9E5 /* CMake Rules */ = {
			isa = PBXShellScriptBuildPhase;
			buildActionMask = 2147483647;
			files = (
			);
			name = "CMake Rules";
			runOnlyForDeploymentPostprocessing = 0;
			shellPath = /bin/sh;
			shellScript = "make -C ${SRCROOT}/xcode -f ${SRCROOT}/xcode/CMakeScripts/ALL_BUILD_cmakeRulesBuildPhase.make$CONFIGURATION all";
			showEnvVarsInLog = 0;
		};
/* End PBXShellScriptBuildPhase section */

/* Begin PBXSourcesBuildPhase section */
		5C1625D3F1FF40DCA02F26F1 /* Sources */ = {
			isa = PBXSourcesBuildPhase;
			buildActionMask = 2147483647;
			files = (
				1E61704965A8480D82A79E64 /* AppServiceLocator.cpp in Sources */,
				D87CF3894AEE40AB9E220818 /* PasswordController.cpp in Sources */,
				6B7AAEBF27D34C9FB80BF19F /* document_persister.cpp in Sources */,
				ADACBCDAD7D84F6C8400E765 /* test_document_persister.cpp in Sources */,
			);
			runOnlyForDeploymentPostprocessing = 0;
		};
/* End PBXSourcesBuildPhase section */

/* Begin PBXTargetDependency section */
		137D083A08EC433FB767105F /* PBXTargetDependency */ = {
			isa = PBXTargetDependency;
			target = 6E520274264141B5B7A287D7 /* ZERO_CHECK */;
			targetProxy = 69FDA99F1D4D45EBBDF55125 /* PBXContainerItemProxy */;
		};
		60F720BC80A54DC884E18C88 /* PBXTargetDependency */ = {
			isa = PBXTargetDependency;
			target = D8414121E55C47148161E971 /* test_document_persister */;
			targetProxy = BD51EB11D97C4C4FB015A920 /* PBXContainerItemProxy */;
		};
		A358130F2BA943228E36208A /* PBXTargetDependency */ = {
			isa = PBXTargetDependency;
			target = 6E520274264141B5B7A287D7 /* ZERO_CHECK */;
			targetProxy = A9A3338DF3504335818D5AF7 /* PBXContainerItemProxy */;
		};
/* End PBXTargetDependency section */

/* Begin XCBuildConfiguration section */
		066ED1C885B04541963E2C74 /* Debug */ = {
			isa = XCBuildConfiguration;
			buildSettings = {
				COMBINE_HIDPI_IMAGES = YES;
				GCC_GENERATE_DEBUGGING_SYMBOLS = YES;
				GCC_INLINES_ARE_PRIVATE_EXTERN = NO;
				GCC_OPTIMIZATION_LEVEL = 0;
				GCC_PREPROCESSOR_DEFINITIONS = "'CMAKE_INTDIR=\"$(CONFIGURATION)$(EFFECTIVE_PLATFORM_NAME)\"'";
				GCC_SYMBOLS_PRIVATE_EXTERN = NO;
				INSTALL_PATH = "";
				OTHER_LDFLAGS = " ";
				OTHER_REZFLAGS = "";
				PRODUCT_NAME = ALL_BUILD;
				SECTORDER_FLAGS = "";
				SYMROOT = "$(SRCROOT)/xcode";
				USE_HEADERMAP = NO;
				WARNING_CFLAGS = (
					"-Wmost",
					"-Wno-four-char-constants",
					"-Wno-unknown-pragmas",
					"$(inherited)",
				);
			};
			name = Debug;
		};
		0B1B3AAA8BEC447E8E3934B7 /* MinSizeRel */ = {
			isa = XCBuildConfiguration;
			buildSettings = {
				COMBINE_HIDPI_IMAGES = YES;
				GCC_GENERATE_DEBUGGING_SYMBOLS = YES;
				GCC_INLINES_ARE_PRIVATE_EXTERN = NO;
				GCC_OPTIMIZATION_LEVEL = 0;
				GCC_PREPROCESSOR_DEFINITIONS = "'CMAKE_INTDIR=\"$(CONFIGURATION)$(EFFECTIVE_PLATFORM_NAME)\"'";
				GCC_SYMBOLS_PRIVATE_EXTERN = NO;
				INSTALL_PATH = "";
				OTHER_LDFLAGS = " ";
				OTHER_REZFLAGS = "";
				PRODUCT_NAME = ZERO_CHECK;
				SECTORDER_FLAGS = "";
				SYMROOT = "$(SRCROOT)/xcode";
				USE_HEADERMAP = NO;
				WARNING_CFLAGS = (
					"-Wmost",
					"-Wno-four-char-constants",
					"-Wno-unknown-pragmas",
					"$(inherited)",
				);
			};
			name = MinSizeRel;
		};
		106D72828AC04D7291CA3826 /* RelWithDebInfo */ = {
			isa = XCBuildConfiguration;
			buildSettings = {
				COMBINE_HIDPI_IMAGES = YES;
				EXECUTABLE_PREFIX = "";
				EXECUTABLE_SUFFIX = "";
				GCC_GENERATE_DEBUGGING_SYMBOLS = YES;
				GCC_INLINES_ARE_PRIVATE_EXTERN = NO;
				GCC_OPTIMIZATION_LEVEL = 2;
				GCC_PREPROCESSOR_DEFINITIONS = "'CMAKE_INTDIR=\"$(CONFIGURATION)$(EFFECTIVE_PLATFORM_NAME)\"'";
				GCC_SYMBOLS_PRIVATE_EXTERN = NO;
				HEADER_SEARCH_PATHS = (
					/usr/local/include,
					"$(SRCROOT)/src",
					"$(SRCROOT)/test",
				);
				INSTALL_PATH = "";
				LIBRARY_SEARCH_PATHS = "";
				OTHER_CPLUSPLUSFLAGS = (
					"-std=c++11",
					"-DNDEBUG",
				);
				OTHER_LDFLAGS = (
					"-Wl,-search_paths_first",
					"-Wl,-headerpad_max_install_names",
					"/usr/local/lib/libboost_unit_test_framework-mt.dylib",
					"/usr/local/lib/libboost_atomic-mt.dylib",
					"/usr/local/lib/libboost_chrono-mt.dylib",
					"/usr/local/lib/libboost_context-mt.dylib",
					"/usr/local/lib/libboost_date_time-mt.dylib",
					"/usr/local/lib/libboost_exception-mt.a",
					"/usr/local/lib/libboost_filesystem-mt.dylib",
					"/usr/local/lib/libboost_graph-mt.dylib",
					"/usr/local/lib/libboost_iostreams-mt.dylib",
					"/usr/local/lib/libboost_math_c99-mt.dylib",
					"/usr/local/lib/libboost_math_c99f-mt.dylib",
					"/usr/local/lib/libboost_math_c99l-mt.dylib",
					"/usr/local/lib/libboost_math_tr1-mt.dylib",
					"/usr/local/lib/libboost_math_tr1f-mt.dylib",
					"/usr/local/lib/libboost_math_tr1l-mt.dylib",
					"/usr/local/lib/libboost_prg_exec_monitor-mt.dylib",
					"/usr/local/lib/libboost_program_options-mt.dylib",
					"/usr/local/lib/libboost_random-mt.dylib",
					"/usr/local/lib/libboost_regex-mt.dylib",
					"/usr/local/lib/libboost_serialization-mt.dylib",
					"/usr/local/lib/libboost_signals-mt.dylib",
					"/usr/local/lib/libboost_system-mt.dylib",
					"/usr/local/lib/libboost_test_exec_monitor-mt.a",
					"/usr/local/lib/libboost_thread-mt.dylib",
					"/usr/local/lib/libboost_timer-mt.dylib",
					"/usr/local/lib/libboost_wave-mt.dylib",
					"/usr/local/lib/libboost_wserialization-mt.dylib",
				);
				OTHER_REZFLAGS = "";
				PRODUCT_NAME = test_document_persister;
				SECTORDER_FLAGS = "";
				SYMROOT = "$(SRCROOT)/xcode";
				USE_HEADERMAP = NO;
				WARNING_CFLAGS = (
					"-Wmost",
					"-Wno-four-char-constants",
					"-Wno-unknown-pragmas",
					"$(inherited)",
				);
			};
			name = RelWithDebInfo;
		};
		15B93A89451E4C93A1CB0100 /* MinSizeRel */ = {
			isa = XCBuildConfiguration;
			buildSettings = {
				COMBINE_HIDPI_IMAGES = YES;
				EXECUTABLE_PREFIX = "";
				EXECUTABLE_SUFFIX = "";
				GCC_GENERATE_DEBUGGING_SYMBOLS = NO;
				GCC_INLINES_ARE_PRIVATE_EXTERN = NO;
				GCC_OPTIMIZATION_LEVEL = s;
				GCC_PREPROCESSOR_DEFINITIONS = "'CMAKE_INTDIR=\"$(CONFIGURATION)$(EFFECTIVE_PLATFORM_NAME)\"'";
				GCC_SYMBOLS_PRIVATE_EXTERN = NO;
				HEADER_SEARCH_PATHS = (
					/usr/local/include,
					"$(SRCROOT)/src",
					"$(SRCROOT)/test",
				);
				INSTALL_PATH = "";
				LIBRARY_SEARCH_PATHS = "";
				OTHER_CPLUSPLUSFLAGS = (
					"-std=c++11",
					"-DNDEBUG",
				);
				OTHER_LDFLAGS = (
					"-Wl,-search_paths_first",
					"-Wl,-headerpad_max_install_names",
					"/usr/local/lib/libboost_unit_test_framework-mt.dylib",
					"/usr/local/lib/libboost_atomic-mt.dylib",
					"/usr/local/lib/libboost_chrono-mt.dylib",
					"/usr/local/lib/libboost_context-mt.dylib",
					"/usr/local/lib/libboost_date_time-mt.dylib",
					"/usr/local/lib/libboost_exception-mt.a",
					"/usr/local/lib/libboost_filesystem-mt.dylib",
					"/usr/local/lib/libboost_graph-mt.dylib",
					"/usr/local/lib/libboost_iostreams-mt.dylib",
					"/usr/local/lib/libboost_math_c99-mt.dylib",
					"/usr/local/lib/libboost_math_c99f-mt.dylib",
					"/usr/local/lib/libboost_math_c99l-mt.dylib",
					"/usr/local/lib/libboost_math_tr1-mt.dylib",
					"/usr/local/lib/libboost_math_tr1f-mt.dylib",
					"/usr/local/lib/libboost_math_tr1l-mt.dylib",
					"/usr/local/lib/libboost_prg_exec_monitor-mt.dylib",
					"/usr/local/lib/libboost_program_options-mt.dylib",
					"/usr/local/lib/libboost_random-mt.dylib",
					"/usr/local/lib/libboost_regex-mt.dylib",
					"/usr/local/lib/libboost_serialization-mt.dylib",
					"/usr/local/lib/libboost_signals-mt.dylib",
					"/usr/local/lib/libboost_system-mt.dylib",
					"/usr/local/lib/libboost_test_exec_monitor-mt.a",
					"/usr/local/lib/libboost_thread-mt.dylib",
					"/usr/local/lib/libboost_timer-mt.dylib",
					"/usr/local/lib/libboost_wave-mt.dylib",
					"/usr/local/lib/libboost_wserialization-mt.dylib",
				);
				OTHER_REZFLAGS = "";
				PRODUCT_NAME = test_document_persister;
				SECTORDER_FLAGS = "";
				SYMROOT = "$(SRCROOT)/xcode";
				USE_HEADERMAP = NO;
				WARNING_CFLAGS = (
					"-Wmost",
					"-Wno-four-char-constants",
					"-Wno-unknown-pragmas",
					"$(inherited)",
				);
			};
			name = MinSizeRel;
		};
		2CD90D9678614D879A845B77 /* MinSizeRel */ = {
			isa = XCBuildConfiguration;
			buildSettings = {
				COMBINE_HIDPI_IMAGES = YES;
				GCC_GENERATE_DEBUGGING_SYMBOLS = YES;
				GCC_INLINES_ARE_PRIVATE_EXTERN = NO;
				GCC_OPTIMIZATION_LEVEL = 0;
				GCC_PREPROCESSOR_DEFINITIONS = "'CMAKE_INTDIR=\"$(CONFIGURATION)$(EFFECTIVE_PLATFORM_NAME)\"'";
				GCC_SYMBOLS_PRIVATE_EXTERN = NO;
				INSTALL_PATH = "";
				OTHER_LDFLAGS = " ";
				OTHER_REZFLAGS = "";
				PRODUCT_NAME = RUN_TESTS;
				SECTORDER_FLAGS = "";
				SYMROOT = "$(SRCROOT)/xcode";
				USE_HEADERMAP = NO;
				WARNING_CFLAGS = (
					"-Wmost",
					"-Wno-four-char-constants",
					"-Wno-unknown-pragmas",
					"$(inherited)",
				);
			};
			name = MinSizeRel;
		};
		31B865A2FDF54132A04D2A50 /* MinSizeRel */ = {
			isa = XCBuildConfiguration;
			buildSettings = {
				ONLY_ACTIVE_ARCH = YES;
				SDKROOT = /Applications/Xcode.app/Contents/Developer/Platforms/MacOSX.platform/Developer/SDKs/MacOSX10.13.sdk;
				SYMROOT = "$(SRCROOT)/xcode/build";
			};
			name = MinSizeRel;
		};
		344E2D9048774DC899F810C4 /* Release */ = {
			isa = XCBuildConfiguration;
			buildSettings = {
				COMBINE_HIDPI_IMAGES = YES;
				EXECUTABLE_PREFIX = "";
				EXECUTABLE_SUFFIX = "";
				GCC_GENERATE_DEBUGGING_SYMBOLS = NO;
				GCC_INLINES_ARE_PRIVATE_EXTERN = NO;
				GCC_OPTIMIZATION_LEVEL = 3;
				GCC_PREPROCESSOR_DEFINITIONS = "'CMAKE_INTDIR=\"$(CONFIGURATION)$(EFFECTIVE_PLATFORM_NAME)\"'";
				GCC_SYMBOLS_PRIVATE_EXTERN = NO;
				HEADER_SEARCH_PATHS = (
					/usr/local/include,
					"$(SRCROOT)/src",
					"$(SRCROOT)/test",
				);
				INSTALL_PATH = "";
				LIBRARY_SEARCH_PATHS = "";
				OTHER_CPLUSPLUSFLAGS = (
					"-std=c++11",
					"-DNDEBUG",
				);
				OTHER_LDFLAGS = (
					"-Wl,-search_paths_first",
					"-Wl,-headerpad_max_install_names",
					"/usr/local/lib/libboost_unit_test_framework-mt.dylib",
					"/usr/local/lib/libboost_atomic-mt.dylib",
					"/usr/local/lib/libboost_chrono-mt.dylib",
					"/usr/local/lib/libboost_context-mt.dylib",
					"/usr/local/lib/libboost_date_time-mt.dylib",
					"/usr/local/lib/libboost_exception-mt.a",
					"/usr/local/lib/libboost_filesystem-mt.dylib",
					"/usr/local/lib/libboost_graph-mt.dylib",
					"/usr/local/lib/libboost_iostreams-mt.dylib",
					"/usr/local/lib/libboost_math_c99-mt.dylib",
					"/usr/local/lib/libboost_math_c99f-mt.dylib",
					"/usr/local/lib/libboost_math_c99l-mt.dylib",
					"/usr/local/lib/libboost_math_tr1-mt.dylib",
					"/usr/local/lib/libboost_math_tr1f-mt.dylib",
					"/usr/local/lib/libboost_math_tr1l-mt.dylib",
					"/usr/local/lib/libboost_prg_exec_monitor-mt.dylib",
					"/usr/local/lib/libboost_program_options-mt.dylib",
					"/usr/local/lib/libboost_random-mt.dylib",
					"/usr/local/lib/libboost_regex-mt.dylib",
					"/usr/local/lib/libboost_serialization-mt.dylib",
					"/usr/local/lib/libboost_signals-mt.dylib",
					"/usr/local/lib/libboost_system-mt.dylib",
					"/usr/local/lib/libboost_test_exec_monitor-mt.a",
					"/usr/local/lib/libboost_thread-mt.dylib",
					"/usr/local/lib/libboost_timer-mt.dylib",
					"/usr/local/lib/libboost_wave-mt.dylib",
					"/usr/local/lib/libboost_wserialization-mt.dylib",
				);
				OTHER_REZFLAGS = "";
				PRODUCT_NAME = test_document_persister;
				SECTORDER_FLAGS = "";
				SYMROOT = "$(SRCROOT)/xcode";
				USE_HEADERMAP = NO;
				WARNING_CFLAGS = (
					"-Wmost",
					"-Wno-four-char-constants",
					"-Wno-unknown-pragmas",
					"$(inherited)",
				);
			};
			name = Release;
		};
		429E106A1BDA42559D3CE9F9 /* Release */ = {
			isa = XCBuildConfiguration;
			buildSettings = {
				COMBINE_HIDPI_IMAGES = YES;
				GCC_GENERATE_DEBUGGING_SYMBOLS = YES;
				GCC_INLINES_ARE_PRIVATE_EXTERN = NO;
				GCC_OPTIMIZATION_LEVEL = 0;
				GCC_PREPROCESSOR_DEFINITIONS = "'CMAKE_INTDIR=\"$(CONFIGURATION)$(EFFECTIVE_PLATFORM_NAME)\"'";
				GCC_SYMBOLS_PRIVATE_EXTERN = NO;
				INSTALL_PATH = "";
				OTHER_LDFLAGS = " ";
				OTHER_REZFLAGS = "";
				PRODUCT_NAME = RUN_TESTS;
				SECTORDER_FLAGS = "";
				SYMROOT = "$(SRCROOT)/xcode";
				USE_HEADERMAP = NO;
				WARNING_CFLAGS = (
					"-Wmost",
					"-Wno-four-char-constants",
					"-Wno-unknown-pragmas",
					"$(inherited)",
				);
			};
			name = Release;
		};
		78602B57987F4C7194665DF3 /* Release */ = {
			isa = XCBuildConfiguration;
			buildSettings = {
				ONLY_ACTIVE_ARCH = YES;
				SDKROOT = /Applications/Xcode.app/Contents/Developer/Platforms/MacOSX.platform/Developer/SDKs/MacOSX10.13.sdk;
				SYMROOT = "$(SRCROOT)/xcode/build";
			};
			name = Release;
		};
		7D6932AB7F0D44E183547F28 /* Debug */ = {
			isa = XCBuildConfiguration;
			buildSettings = {
				ONLY_ACTIVE_ARCH = YES;
				SDKROOT = /Applications/Xcode.app/Contents/Developer/Platforms/MacOSX.platform/Developer/SDKs/MacOSX10.13.sdk;
				SYMROOT = "$(SRCROOT)/xcode/build";
			};
			name = Debug;
		};
		A357C109774E4CF7A9CA0F90 /* Release */ = {
			isa = XCBuildConfiguration;
			buildSettings = {
				COMBINE_HIDPI_IMAGES = YES;
				GCC_GENERATE_DEBUGGING_SYMBOLS = YES;
				GCC_INLINES_ARE_PRIVATE_EXTERN = NO;
				GCC_OPTIMIZATION_LEVEL = 0;
				GCC_PREPROCESSOR_DEFINITIONS = "'CMAKE_INTDIR=\"$(CONFIGURATION)$(EFFECTIVE_PLATFORM_NAME)\"'";
				GCC_SYMBOLS_PRIVATE_EXTERN = NO;
				INSTALL_PATH = "";
				OTHER_LDFLAGS = " ";
				OTHER_REZFLAGS = "";
				PRODUCT_NAME = ALL_BUILD;
				SECTORDER_FLAGS = "";
				SYMROOT = "$(SRCROOT)/xcode";
				USE_HEADERMAP = NO;
				WARNING_CFLAGS = (
					"-Wmost",
					"-Wno-four-char-constants",
					"-Wno-unknown-pragmas",
					"$(inherited)",
				);
			};
			name = Release;
		};
		AAD235B32FA44FD38E28CACF /* MinSizeRel */ = {
			isa = XCBuildConfiguration;
			buildSettings = {
				COMBINE_HIDPI_IMAGES = YES;
				GCC_GENERATE_DEBUGGING_SYMBOLS = YES;
				GCC_INLINES_ARE_PRIVATE_EXTERN = NO;
				GCC_OPTIMIZATION_LEVEL = 0;
				GCC_PREPROCESSOR_DEFINITIONS = "'CMAKE_INTDIR=\"$(CONFIGURATION)$(EFFECTIVE_PLATFORM_NAME)\"'";
				GCC_SYMBOLS_PRIVATE_EXTERN = NO;
				INSTALL_PATH = "";
				OTHER_LDFLAGS = " ";
				OTHER_REZFLAGS = "";
				PRODUCT_NAME = ALL_BUILD;
				SECTORDER_FLAGS = "";
				SYMROOT = "$(SRCROOT)/xcode";
				USE_HEADERMAP = NO;
				WARNING_CFLAGS = (
					"-Wmost",
					"-Wno-four-char-constants",
					"-Wno-unknown-pragmas",
					"$(inherited)",
				);
			};
			name = MinSizeRel;
		};
		C7DCEC0F71F24BE59326968D /* RelWithDebInfo */ = {
			isa = XCBuildConfiguration;
			buildSettings = {
				ONLY_ACTIVE_ARCH = YES;
				SDKROOT = /Applications/Xcode.app/Contents/Developer/Platforms/MacOSX.platform/Developer/SDKs/MacOSX10.13.sdk;
				SYMROOT = "$(SRCROOT)/xcode/build";
			};
			name = RelWithDebInfo;
		};
		CB1F8F3883AA4DBEBB757A84 /* RelWithDebInfo */ = {
			isa = XCBuildConfiguration;
			buildSettings = {
				COMBINE_HIDPI_IMAGES = YES;
				GCC_GENERATE_DEBUGGING_SYMBOLS = YES;
				GCC_INLINES_ARE_PRIVATE_EXTERN = NO;
				GCC_OPTIMIZATION_LEVEL = 0;
				GCC_PREPROCESSOR_DEFINITIONS = "'CMAKE_INTDIR=\"$(CONFIGURATION)$(EFFECTIVE_PLATFORM_NAME)\"'";
				GCC_SYMBOLS_PRIVATE_EXTERN = NO;
				INSTALL_PATH = "";
				OTHER_LDFLAGS = " ";
				OTHER_REZFLAGS = "";
				PRODUCT_NAME = ZERO_CHECK;
				SECTORDER_FLAGS = "";
				SYMROOT = "$(SRCROOT)/xcode";
				USE_HEADERMAP = NO;
				WARNING_CFLAGS = (
					"-Wmost",
					"-Wno-four-char-constants",
					"-Wno-unknown-pragmas",
					"$(inherited)",
				);
			};
			name = RelWithDebInfo;
		};
		CDDE73F01AF4419D9EE0960F /* RelWithDebInfo */ = {
			isa = XCBuildConfiguration;
			buildSettings = {
				COMBINE_HIDPI_IMAGES = YES;
				GCC_GENERATE_DEBUGGING_SYMBOLS = YES;
				GCC_INLINES_ARE_PRIVATE_EXTERN = NO;
				GCC_OPTIMIZATION_LEVEL = 0;
				GCC_PREPROCESSOR_DEFINITIONS = "'CMAKE_INTDIR=\"$(CONFIGURATION)$(EFFECTIVE_PLATFORM_NAME)\"'";
				GCC_SYMBOLS_PRIVATE_EXTERN = NO;
				INSTALL_PATH = "";
				OTHER_LDFLAGS = " ";
				OTHER_REZFLAGS = "";
				PRODUCT_NAME = ALL_BUILD;
				SECTORDER_FLAGS = "";
				SYMROOT = "$(SRCROOT)/xcode";
				USE_HEADERMAP = NO;
				WARNING_CFLAGS = (
					"-Wmost",
					"-Wno-four-char-constants",
					"-Wno-unknown-pragmas",
					"$(inherited)",
				);
			};
			name = RelWithDebInfo;
		};
		E3F1164AFBE54937994CCDF0 /* RelWithDebInfo */ = {
			isa = XCBuildConfiguration;
			buildSettings = {
				COMBINE_HIDPI_IMAGES = YES;
				GCC_GENERATE_DEBUGGING_SYMBOLS = YES;
				GCC_INLINES_ARE_PRIVATE_EXTERN = NO;
				GCC_OPTIMIZATION_LEVEL = 0;
				GCC_PREPROCESSOR_DEFINITIONS = "'CMAKE_INTDIR=\"$(CONFIGURATION)$(EFFECTIVE_PLATFORM_NAME)\"'";
				GCC_SYMBOLS_PRIVATE_EXTERN = NO;
				INSTALL_PATH = "";
				OTHER_LDFLAGS = " ";
				OTHER_REZFLAGS = "";
				PRODUCT_NAME = RUN_TESTS;
				SECTORDER_FLAGS = "";
				SYMROOT = "$(SRCROOT)/xcode";
				USE_HEADERMAP = NO;
				WARNING_CFLAGS = (
					"-Wmost",
					"-Wno-four-char-constants",
					"-Wno-unknown-pragmas",
					"$(inherited)",
				);
			};
			name = RelWithDebInfo;
		};
		EF9F39D803114A388F762804 /* Release */ = {
			isa = XCBuildConfiguration;
			buildSettings = {
				COMBINE_HIDPI_IMAGES = YES;
				GCC_GENERATE_DEBUGGING_SYMBOLS = YES;
				GCC_INLINES_ARE_PRIVATE_EXTERN = NO;
				GCC_OPTIMIZATION_LEVEL = 0;
				GCC_PREPROCESSOR_DEFINITIONS = "'CMAKE_INTDIR=\"$(CONFIGURATION)$(EFFECTIVE_PLATFORM_NAME)\"'";
				GCC_SYMBOLS_PRIVATE_EXTERN = NO;
				INSTALL_PATH = "";
				OTHER_LDFLAGS = " ";
				OTHER_REZFLAGS = "";
				PRODUCT_NAME = ZERO_CHECK;
				SECTORDER_FLAGS = "";
				SYMROOT = "$(SRCROOT)/xcode";
				USE_HEADERMAP = NO;
				WARNING_CFLAGS = (
					"-Wmost",
					"-Wno-four-char-constants",
					"-Wno-unknown-pragmas",
					"$(inherited)",
				);
			};
			name = Release;
		};
		F9BBC8089EAD41A691C2AC58 /* Debug */ = {
			isa = XCBuildConfiguration;
			buildSettings = {
				COMBINE_HIDPI_IMAGES = YES;
				GCC_GENERATE_DEBUGGING_SYMBOLS = YES;
				GCC_INLINES_ARE_PRIVATE_EXTERN = NO;
				GCC_OPTIMIZATION_LEVEL = 0;
				GCC_PREPROCESSOR_DEFINITIONS = "'CMAKE_INTDIR=\"$(CONFIGURATION)$(EFFECTIVE_PLATFORM_NAME)\"'";
				GCC_SYMBOLS_PRIVATE_EXTERN = NO;
				INSTALL_PATH = "";
				OTHER_LDFLAGS = " ";
				OTHER_REZFLAGS = "";
				PRODUCT_NAME = RUN_TESTS;
				SECTORDER_FLAGS = "";
				SYMROOT = "$(SRCROOT)/xcode";
				USE_HEADERMAP = NO;
				WARNING_CFLAGS = (
					"-Wmost",
					"-Wno-four-char-constants",
					"-Wno-unknown-pragmas",
					"$(inherited)",
				);
			};
			name = Debug;
		};
		FBDD4F2641E84BEC8807E133 /* Debug */ = {
			isa = XCBuildConfiguration;
			buildSettings = {
				COMBINE_HIDPI_IMAGES = YES;
				EXECUTABLE_PREFIX = "";
				EXECUTABLE_SUFFIX = "";
				GCC_GENERATE_DEBUGGING_SYMBOLS = YES;
				GCC_INLINES_ARE_PRIVATE_EXTERN = NO;
				GCC_OPTIMIZATION_LEVEL = 0;
				GCC_PREPROCESSOR_DEFINITIONS = "'CMAKE_INTDIR=\"$(CONFIGURATION)$(EFFECTIVE_PLATFORM_NAME)\"'";
				GCC_SYMBOLS_PRIVATE_EXTERN = NO;
				HEADER_SEARCH_PATHS = (
					/usr/local/include,
					"$(SRCROOT)/src",
					"$(SRCROOT)/test",
				);
				INSTALL_PATH = "";
				LIBRARY_SEARCH_PATHS = "";
				OTHER_CPLUSPLUSFLAGS = " -std=c++11     ";
				OTHER_LDFLAGS = (
					"-Wl,-search_paths_first",
					"-Wl,-headerpad_max_install_names",
					"/usr/local/lib/libboost_unit_test_framework-mt.dylib",
					"/usr/local/lib/libboost_atomic-mt.dylib",
					"/usr/local/lib/libboost_chrono-mt.dylib",
					"/usr/local/lib/libboost_context-mt.dylib",
					"/usr/local/lib/libboost_date_time-mt.dylib",
					"/usr/local/lib/libboost_exception-mt.a",
					"/usr/local/lib/libboost_filesystem-mt.dylib",
					"/usr/local/lib/libboost_graph-mt.dylib",
					"/usr/local/lib/libboost_iostreams-mt.dylib",
					"/usr/local/lib/libboost_math_c99-mt.dylib",
					"/usr/local/lib/libboost_math_c99f-mt.dylib",
					"/usr/local/lib/libboost_math_c99l-mt.dylib",
					"/usr/local/lib/libboost_math_tr1-mt.dylib",
					"/usr/local/lib/libboost_math_tr1f-mt.dylib",
					"/usr/local/lib/libboost_math_tr1l-mt.dylib",
					"/usr/local/lib/libboost_prg_exec_monitor-mt.dylib",
					"/usr/local/lib/libboost_program_options-mt.dylib",
					"/usr/local/lib/libboost_random-mt.dylib",
					"/usr/local/lib/libboost_regex-mt.dylib",
					"/usr/local/lib/libboost_serialization-mt.dylib",
					"/usr/local/lib/libboost_signals-mt.dylib",
					"/usr/local/lib/libboost_system-mt.dylib",
					"/usr/local/lib/libboost_test_exec_monitor-mt.a",
					"/usr/local/lib/libboost_thread-mt.dylib",
					"/usr/local/lib/libboost_timer-mt.dylib",
					"/usr/local/lib/libboost_wave-mt.dylib",
					"/usr/local/lib/libboost_wserialization-mt.dylib",
				);
				OTHER_REZFLAGS = "";
				PRODUCT_NAME = test_document_persister;
				SECTORDER_FLAGS = "";
				SYMROOT = "$(SRCROOT)/xcode";
				USE_HEADERMAP = NO;
				WARNING_CFLAGS = (
					"-Wmost",
					"-Wno-four-char-constants",
					"-Wno-unknown-pragmas",
					"$(inherited)",
				);
			};
			name = Debug;
		};
		FE364B204C9140529D6E0EB2 /* Debug */ = {
			isa = XCBuildConfiguration;
			buildSettings = {
				COMBINE_HIDPI_IMAGES = YES;
				GCC_GENERATE_DEBUGGING_SYMBOLS = YES;
				GCC_INLINES_ARE_PRIVATE_EXTERN = NO;
				GCC_OPTIMIZATION_LEVEL = 0;
				GCC_PREPROCESSOR_DEFINITIONS = "'CMAKE_INTDIR=\"$(CONFIGURATION)$(EFFECTIVE_PLATFORM_NAME)\"'";
				GCC_SYMBOLS_PRIVATE_EXTERN = NO;
				INSTALL_PATH = "";
				OTHER_LDFLAGS = " ";
				OTHER_REZFLAGS = "";
				PRODUCT_NAME = ZERO_CHECK;
				SECTORDER_FLAGS = "";
				SYMROOT = "$(SRCROOT)/xcode";
				USE_HEADERMAP = NO;
				WARNING_CFLAGS = (
					"-Wmost",
					"-Wno-four-char-constants",
					"-Wno-unknown-pragmas",
					"$(inherited)",
				);
			};
			name = Debug;
		};
/* End XCBuildConfiguration section */

/* Begin XCConfigurationList section */
		17A8FA0592FF40DA8060D30D /* Build configuration list for PBXAggregateTarget "ZERO_CHECK" */ = {
			isa = XCConfigurationList;
			buildConfigurations = (
				FE364B204C9140529D6E0EB2 /* Debug */,
				EF9F39D803114A388F762804 /* Release */,
				0B1B3AAA8BEC447E8E3934B7 /* MinSizeRel */,
				CB1F8F3883AA4DBEBB757A84 /* RelWithDebInfo */,
			);
			defaultConfigurationIsVisible = 0;
			defaultConfigurationName = Debug;
		};
		4CC3956379F84B3A90568A87 /* Build configuration list for PBXProject "TEST" */ = {
			isa = XCConfigurationList;
			buildConfigurations = (
				7D6932AB7F0D44E183547F28 /* Debug */,
				78602B57987F4C7194665DF3 /* Release */,
				31B865A2FDF54132A04D2A50 /* MinSizeRel */,
				C7DCEC0F71F24BE59326968D /* RelWithDebInfo */,
			);
			defaultConfigurationIsVisible = 0;
			defaultConfigurationName = Debug;
		};
		84CB86B7A6564D8F953BCB0B /* Build configuration list for PBXAggregateTarget "ALL_BUILD" */ = {
			isa = XCConfigurationList;
			buildConfigurations = (
				066ED1C885B04541963E2C74 /* Debug */,
				A357C109774E4CF7A9CA0F90 /* Release */,
				AAD235B32FA44FD38E28CACF /* MinSizeRel */,
				CDDE73F01AF4419D9EE0960F /* RelWithDebInfo */,
			);
			defaultConfigurationIsVisible = 0;
			defaultConfigurationName = Debug;
		};
		87EB9E3CFB674ABDBE4A66A7 /* Build configuration list for PBXAggregateTarget "RUN_TESTS" */ = {
			isa = XCConfigurationList;
			buildConfigurations = (
				F9BBC8089EAD41A691C2AC58 /* Debug */,
				429E106A1BDA42559D3CE9F9 /* Release */,
				2CD90D9678614D879A845B77 /* MinSizeRel */,
				E3F1164AFBE54937994CCDF0 /* RelWithDebInfo */,
			);
			defaultConfigurationIsVisible = 0;
			defaultConfigurationName = Debug;
		};
		BE1A8AFDC8574E339A17D03F /* Build configuration list for PBXNativeTarget "test_document_persister" */ = {
			isa = XCConfigurationList;
			buildConfigurations = (
				FBDD4F2641E84BEC8807E133 /* Debug */,
				344E2D9048774DC899F810C4 /* Release */,
				15B93A89451E4C93A1CB0100 /* MinSizeRel */,
				106D72828AC04D7291CA3826 /* RelWithDebInfo */,
			);
			defaultConfigurationIsVisible = 0;
			defaultConfigurationName = Debug;
		};
/* End XCConfigurationList section */
	};
	rootObject = A4B5830F4D48410392DE1D5F /* Project object */;
}
